// !$*UTF8*$!
{
	archiveVersion = 1;
	classes = {
	};
	objectVersion = 50;
	objects = {

/* Begin PBXBuildFile section */
		7A2E7DD92559BC1F0095EC1A /* AppDelegate.swift in Sources */ = {isa = PBXBuildFile; fileRef = 7A2E7DD82559BC1F0095EC1A /* AppDelegate.swift */; };
		7A2E7DDB2559BC1F0095EC1A /* SceneDelegate.swift in Sources */ = {isa = PBXBuildFile; fileRef = 7A2E7DDA2559BC1F0095EC1A /* SceneDelegate.swift */; };
		7A2E7DE22559BC200095EC1A /* Assets.xcassets in Resources */ = {isa = PBXBuildFile; fileRef = 7A2E7DE12559BC200095EC1A /* Assets.xcassets */; };
		7A2E7DE52559BC200095EC1A /* LaunchScreen.storyboard in Resources */ = {isa = PBXBuildFile; fileRef = 7A2E7DE32559BC200095EC1A /* LaunchScreen.storyboard */; };
		7A2E7DF02559BD5A0095EC1A /* Card.swift in Sources */ = {isa = PBXBuildFile; fileRef = 7A2E7DEF2559BD5A0095EC1A /* Card.swift */; };
		7A2E7DF72559BDBE0095EC1A /* CardController.swift in Sources */ = {isa = PBXBuildFile; fileRef = 7A2E7DF62559BDBE0095EC1A /* CardController.swift */; };
		7A2E7DFB2559BDDA0095EC1A /* DrawCardsViewController.swift in Sources */ = {isa = PBXBuildFile; fileRef = 7A2E7DFA2559BDDA0095EC1A /* DrawCardsViewController.swift */; };
		7A2E7DFE2559BDE60095EC1A /* OwnedCardsViewController.swift in Sources */ = {isa = PBXBuildFile; fileRef = 7A2E7DFD2559BDE60095EC1A /* OwnedCardsViewController.swift */; };
		7A2E7E012559BDF30095EC1A /* TabBarViewController.swift in Sources */ = {isa = PBXBuildFile; fileRef = 7A2E7E002559BDF30095EC1A /* TabBarViewController.swift */; };
		7A2E7E0E2559BF240095EC1A /* UIColorExtension.swift in Sources */ = {isa = PBXBuildFile; fileRef = 7A2E7E072559BF240095EC1A /* UIColorExtension.swift */; };
		7A2E7E122559BF240095EC1A /* UIViewExtension.swift in Sources */ = {isa = PBXBuildFile; fileRef = 7A2E7E0B2559BF240095EC1A /* UIViewExtension.swift */; };
		7A2E7E132559BF240095EC1A /* UIImageExtension.swift in Sources */ = {isa = PBXBuildFile; fileRef = 7A2E7E0C2559BF240095EC1A /* UIImageExtension.swift */; };
		7A2E7E1D2559C17C0095EC1A /* CardCollectionViewCell.swift in Sources */ = {isa = PBXBuildFile; fileRef = 7A2E7E1C2559C17C0095EC1A /* CardCollectionViewCell.swift */; };
/* End PBXBuildFile section */

/* Begin PBXFileReference section */
		7A2E7DD52559BC1F0095EC1A /* DevDexApp.app */ = {isa = PBXFileReference; explicitFileType = wrapper.application; includeInIndex = 0; path = DevDexApp.app; sourceTree = BUILT_PRODUCTS_DIR; };
		7A2E7DD82559BC1F0095EC1A /* AppDelegate.swift */ = {isa = PBXFileReference; lastKnownFileType = sourcecode.swift; path = AppDelegate.swift; sourceTree = "<group>"; };
		7A2E7DDA2559BC1F0095EC1A /* SceneDelegate.swift */ = {isa = PBXFileReference; lastKnownFileType = sourcecode.swift; path = SceneDelegate.swift; sourceTree = "<group>"; };
		7A2E7DE12559BC200095EC1A /* Assets.xcassets */ = {isa = PBXFileReference; lastKnownFileType = folder.assetcatalog; path = Assets.xcassets; sourceTree = "<group>"; };
		7A2E7DE42559BC200095EC1A /* Base */ = {isa = PBXFileReference; lastKnownFileType = file.storyboard; name = Base; path = Base.lproj/LaunchScreen.storyboard; sourceTree = "<group>"; };
		7A2E7DE62559BC200095EC1A /* Info.plist */ = {isa = PBXFileReference; lastKnownFileType = text.plist.xml; path = Info.plist; sourceTree = "<group>"; };
		7A2E7DEF2559BD5A0095EC1A /* Card.swift */ = {isa = PBXFileReference; lastKnownFileType = sourcecode.swift; path = Card.swift; sourceTree = "<group>"; };
		7A2E7DF62559BDBE0095EC1A /* CardController.swift */ = {isa = PBXFileReference; lastKnownFileType = sourcecode.swift; path = CardController.swift; sourceTree = "<group>"; };
		7A2E7DFA2559BDDA0095EC1A /* DrawCardsViewController.swift */ = {isa = PBXFileReference; lastKnownFileType = sourcecode.swift; path = DrawCardsViewController.swift; sourceTree = "<group>"; };
		7A2E7DFD2559BDE60095EC1A /* OwnedCardsViewController.swift */ = {isa = PBXFileReference; lastKnownFileType = sourcecode.swift; path = OwnedCardsViewController.swift; sourceTree = "<group>"; };
		7A2E7E002559BDF30095EC1A /* TabBarViewController.swift */ = {isa = PBXFileReference; lastKnownFileType = sourcecode.swift; path = TabBarViewController.swift; sourceTree = "<group>"; };
		7A2E7E072559BF240095EC1A /* UIColorExtension.swift */ = {isa = PBXFileReference; fileEncoding = 4; lastKnownFileType = sourcecode.swift; path = UIColorExtension.swift; sourceTree = "<group>"; };
		7A2E7E0B2559BF240095EC1A /* UIViewExtension.swift */ = {isa = PBXFileReference; fileEncoding = 4; lastKnownFileType = sourcecode.swift; path = UIViewExtension.swift; sourceTree = "<group>"; };
		7A2E7E0C2559BF240095EC1A /* UIImageExtension.swift */ = {isa = PBXFileReference; fileEncoding = 4; lastKnownFileType = sourcecode.swift; path = UIImageExtension.swift; sourceTree = "<group>"; };
		7A2E7E1C2559C17C0095EC1A /* CardCollectionViewCell.swift */ = {isa = PBXFileReference; lastKnownFileType = sourcecode.swift; path = CardCollectionViewCell.swift; sourceTree = "<group>"; };
/* End PBXFileReference section */

/* Begin PBXFrameworksBuildPhase section */
		7A2E7DD22559BC1F0095EC1A /* Frameworks */ = {
			isa = PBXFrameworksBuildPhase;
			buildActionMask = 2147483647;
			files = (
			);
			runOnlyForDeploymentPostprocessing = 0;
		};
/* End PBXFrameworksBuildPhase section */

/* Begin PBXGroup section */
		7A2E7DCC2559BC1F0095EC1A = {
			isa = PBXGroup;
			children = (
				7A2E7DD72559BC1F0095EC1A /* DevDexApp */,
				7A2E7DD62559BC1F0095EC1A /* Products */,
			);
			sourceTree = "<group>";
		};
		7A2E7DD62559BC1F0095EC1A /* Products */ = {
			isa = PBXGroup;
			children = (
				7A2E7DD52559BC1F0095EC1A /* DevDexApp.app */,
			);
			name = Products;
			sourceTree = "<group>";
		};
		7A2E7DD72559BC1F0095EC1A /* DevDexApp */ = {
			isa = PBXGroup;
			children = (
				7A2E7E1A2559C1660095EC1A /* Views */,
				7A2E7DF32559BD8B0095EC1A /* Controllers */,
				7A2E7DEE2559BD3F0095EC1A /* Model */,
				7A2E7E052559BF240095EC1A /* Helpers and Extensions */,
				7A2E7DF22559BD760095EC1A /* Resources */,
			);
			path = DevDexApp;
			sourceTree = "<group>";
		};
		7A2E7DEE2559BD3F0095EC1A /* Model */ = {
			isa = PBXGroup;
			children = (
				7A2E7DEF2559BD5A0095EC1A /* Card.swift */,
			);
			path = Model;
			sourceTree = "<group>";
		};
		7A2E7DF22559BD760095EC1A /* Resources */ = {
			isa = PBXGroup;
			children = (
				7A2E7DD82559BC1F0095EC1A /* AppDelegate.swift */,
				7A2E7DDA2559BC1F0095EC1A /* SceneDelegate.swift */,
				7A2E7DE12559BC200095EC1A /* Assets.xcassets */,
				7A2E7DE32559BC200095EC1A /* LaunchScreen.storyboard */,
				7A2E7DE62559BC200095EC1A /* Info.plist */,
			);
			path = Resources;
			sourceTree = "<group>";
		};
		7A2E7DF32559BD8B0095EC1A /* Controllers */ = {
			isa = PBXGroup;
			children = (
				7A2E7DF52559BDAB0095EC1A /* Model Controllers */,
				7A2E7DF42559BDA60095EC1A /* View Controllers */,
			);
			path = Controllers;
			sourceTree = "<group>";
		};
		7A2E7DF42559BDA60095EC1A /* View Controllers */ = {
			isa = PBXGroup;
			children = (
				7A2E7DFA2559BDDA0095EC1A /* DrawCardsViewController.swift */,
				7A2E7DFD2559BDE60095EC1A /* OwnedCardsViewController.swift */,
				7A2E7E002559BDF30095EC1A /* TabBarViewController.swift */,
			);
			path = "View Controllers";
			sourceTree = "<group>";
		};
		7A2E7DF52559BDAB0095EC1A /* Model Controllers */ = {
			isa = PBXGroup;
			children = (
				7A2E7DF62559BDBE0095EC1A /* CardController.swift */,
			);
			path = "Model Controllers";
			sourceTree = "<group>";
		};
		7A2E7E052559BF240095EC1A /* Helpers and Extensions */ = {
			isa = PBXGroup;
			children = (
				7A2E7E072559BF240095EC1A /* UIColorExtension.swift */,
				7A2E7E0B2559BF240095EC1A /* UIViewExtension.swift */,
				7A2E7E0C2559BF240095EC1A /* UIImageExtension.swift */,
			);
			path = "Helpers and Extensions";
			sourceTree = "<group>";
		};
		7A2E7E1A2559C1660095EC1A /* Views */ = {
			isa = PBXGroup;
			children = (
				7A2E7E1B2559C16B0095EC1A /* CollectionView Cells */,
			);
			path = Views;
			sourceTree = "<group>";
		};
		7A2E7E1B2559C16B0095EC1A /* CollectionView Cells */ = {
			isa = PBXGroup;
			children = (
				7A2E7E1C2559C17C0095EC1A /* CardCollectionViewCell.swift */,
			);
			path = "CollectionView Cells";
			sourceTree = "<group>";
		};
/* End PBXGroup section */

/* Begin PBXNativeTarget section */
		7A2E7DD42559BC1F0095EC1A /* DevDexApp */ = {
			isa = PBXNativeTarget;
			buildConfigurationList = 7A2E7DE92559BC200095EC1A /* Build configuration list for PBXNativeTarget "DevDexApp" */;
			buildPhases = (
				7A2E7DD12559BC1F0095EC1A /* Sources */,
				7A2E7DD22559BC1F0095EC1A /* Frameworks */,
				7A2E7DD32559BC1F0095EC1A /* Resources */,
			);
			buildRules = (
			);
			dependencies = (
			);
			name = DevDexApp;
			productName = DevDexApp;
			productReference = 7A2E7DD52559BC1F0095EC1A /* DevDexApp.app */;
			productType = "com.apple.product-type.application";
		};
/* End PBXNativeTarget section */

/* Begin PBXProject section */
		7A2E7DCD2559BC1F0095EC1A /* Project object */ = {
			isa = PBXProject;
			attributes = {
				LastSwiftUpdateCheck = 1210;
				LastUpgradeCheck = 1210;
				TargetAttributes = {
					7A2E7DD42559BC1F0095EC1A = {
						CreatedOnToolsVersion = 12.1;
					};
				};
			};
			buildConfigurationList = 7A2E7DD02559BC1F0095EC1A /* Build configuration list for PBXProject "DevDexApp" */;
			compatibilityVersion = "Xcode 9.3";
			developmentRegion = en;
			hasScannedForEncodings = 0;
			knownRegions = (
				en,
				Base,
			);
			mainGroup = 7A2E7DCC2559BC1F0095EC1A;
			productRefGroup = 7A2E7DD62559BC1F0095EC1A /* Products */;
			projectDirPath = "";
			projectRoot = "";
			targets = (
				7A2E7DD42559BC1F0095EC1A /* DevDexApp */,
			);
		};
/* End PBXProject section */

/* Begin PBXResourcesBuildPhase section */
		7A2E7DD32559BC1F0095EC1A /* Resources */ = {
			isa = PBXResourcesBuildPhase;
			buildActionMask = 2147483647;
			files = (
				7A2E7DE52559BC200095EC1A /* LaunchScreen.storyboard in Resources */,
				7A2E7DE22559BC200095EC1A /* Assets.xcassets in Resources */,
			);
			runOnlyForDeploymentPostprocessing = 0;
		};
/* End PBXResourcesBuildPhase section */

/* Begin PBXSourcesBuildPhase section */
		7A2E7DD12559BC1F0095EC1A /* Sources */ = {
			isa = PBXSourcesBuildPhase;
			buildActionMask = 2147483647;
			files = (
				7A2E7E012559BDF30095EC1A /* TabBarViewController.swift in Sources */,
				7A2E7DFE2559BDE60095EC1A /* OwnedCardsViewController.swift in Sources */,
				7A2E7DF72559BDBE0095EC1A /* CardController.swift in Sources */,
				7A2E7E1D2559C17C0095EC1A /* CardCollectionViewCell.swift in Sources */,
				7A2E7DFB2559BDDA0095EC1A /* DrawCardsViewController.swift in Sources */,
				7A2E7E0E2559BF240095EC1A /* UIColorExtension.swift in Sources */,
				7A2E7E132559BF240095EC1A /* UIImageExtension.swift in Sources */,
				7A2E7E122559BF240095EC1A /* UIViewExtension.swift in Sources */,
				7A2E7DD92559BC1F0095EC1A /* AppDelegate.swift in Sources */,
				7A2E7DDB2559BC1F0095EC1A /* SceneDelegate.swift in Sources */,
				7A2E7DF02559BD5A0095EC1A /* Card.swift in Sources */,
			);
			runOnlyForDeploymentPostprocessing = 0;
		};
/* End PBXSourcesBuildPhase section */

/* Begin PBXVariantGroup section */
		7A2E7DE32559BC200095EC1A /* LaunchScreen.storyboard */ = {
			isa = PBXVariantGroup;
			children = (
				7A2E7DE42559BC200095EC1A /* Base */,
			);
			name = LaunchScreen.storyboard;
			sourceTree = "<group>";
		};
/* End PBXVariantGroup section */

/* Begin XCBuildConfiguration section */
		7A2E7DE72559BC200095EC1A /* Debug */ = {
			isa = XCBuildConfiguration;
			buildSettings = {
				ALWAYS_SEARCH_USER_PATHS = NO;
				CLANG_ANALYZER_NONNULL = YES;
				CLANG_ANALYZER_NUMBER_OBJECT_CONVERSION = YES_AGGRESSIVE;
				CLANG_CXX_LANGUAGE_STANDARD = "gnu++14";
				CLANG_CXX_LIBRARY = "libc++";
				CLANG_ENABLE_MODULES = YES;
				CLANG_ENABLE_OBJC_ARC = YES;
				CLANG_ENABLE_OBJC_WEAK = YES;
				CLANG_WARN_BLOCK_CAPTURE_AUTORELEASING = YES;
				CLANG_WARN_BOOL_CONVERSION = YES;
				CLANG_WARN_COMMA = YES;
				CLANG_WARN_CONSTANT_CONVERSION = YES;
				CLANG_WARN_DEPRECATED_OBJC_IMPLEMENTATIONS = YES;
				CLANG_WARN_DIRECT_OBJC_ISA_USAGE = YES_ERROR;
				CLANG_WARN_DOCUMENTATION_COMMENTS = YES;
				CLANG_WARN_EMPTY_BODY = YES;
				CLANG_WARN_ENUM_CONVERSION = YES;
				CLANG_WARN_INFINITE_RECURSION = YES;
				CLANG_WARN_INT_CONVERSION = YES;
				CLANG_WARN_NON_LITERAL_NULL_CONVERSION = YES;
				CLANG_WARN_OBJC_IMPLICIT_RETAIN_SELF = YES;
				CLANG_WARN_OBJC_LITERAL_CONVERSION = YES;
				CLANG_WARN_OBJC_ROOT_CLASS = YES_ERROR;
				CLANG_WARN_QUOTED_INCLUDE_IN_FRAMEWORK_HEADER = YES;
				CLANG_WARN_RANGE_LOOP_ANALYSIS = YES;
				CLANG_WARN_STRICT_PROTOTYPES = YES;
				CLANG_WARN_SUSPICIOUS_MOVE = YES;
				CLANG_WARN_UNGUARDED_AVAILABILITY = YES_AGGRESSIVE;
				CLANG_WARN_UNREACHABLE_CODE = YES;
				CLANG_WARN__DUPLICATE_METHOD_MATCH = YES;
				COPY_PHASE_STRIP = NO;
				DEBUG_INFORMATION_FORMAT = dwarf;
				ENABLE_STRICT_OBJC_MSGSEND = YES;
				ENABLE_TESTABILITY = YES;
				GCC_C_LANGUAGE_STANDARD = gnu11;
				GCC_DYNAMIC_NO_PIC = NO;
				GCC_NO_COMMON_BLOCKS = YES;
				GCC_OPTIMIZATION_LEVEL = 0;
				GCC_PREPROCESSOR_DEFINITIONS = (
					"DEBUG=1",
					"$(inherited)",
				);
				GCC_WARN_64_TO_32_BIT_CONVERSION = YES;
				GCC_WARN_ABOUT_RETURN_TYPE = YES_ERROR;
				GCC_WARN_UNDECLARED_SELECTOR = YES;
				GCC_WARN_UNINITIALIZED_AUTOS = YES_AGGRESSIVE;
				GCC_WARN_UNUSED_FUNCTION = YES;
				GCC_WARN_UNUSED_VARIABLE = YES;
				IPHONEOS_DEPLOYMENT_TARGET = 14.1;
				MTL_ENABLE_DEBUG_INFO = INCLUDE_SOURCE;
				MTL_FAST_MATH = YES;
				ONLY_ACTIVE_ARCH = YES;
				SDKROOT = iphoneos;
				SWIFT_ACTIVE_COMPILATION_CONDITIONS = DEBUG;
				SWIFT_OPTIMIZATION_LEVEL = "-Onone";
			};
			name = Debug;
		};
		7A2E7DE82559BC200095EC1A /* Release */ = {
			isa = XCBuildConfiguration;
			buildSettings = {
				ALWAYS_SEARCH_USER_PATHS = NO;
				CLANG_ANALYZER_NONNULL = YES;
				CLANG_ANALYZER_NUMBER_OBJECT_CONVERSION = YES_AGGRESSIVE;
				CLANG_CXX_LANGUAGE_STANDARD = "gnu++14";
				CLANG_CXX_LIBRARY = "libc++";
				CLANG_ENABLE_MODULES = YES;
				CLANG_ENABLE_OBJC_ARC = YES;
				CLANG_ENABLE_OBJC_WEAK = YES;
				CLANG_WARN_BLOCK_CAPTURE_AUTORELEASING = YES;
				CLANG_WARN_BOOL_CONVERSION = YES;
				CLANG_WARN_COMMA = YES;
				CLANG_WARN_CONSTANT_CONVERSION = YES;
				CLANG_WARN_DEPRECATED_OBJC_IMPLEMENTATIONS = YES;
				CLANG_WARN_DIRECT_OBJC_ISA_USAGE = YES_ERROR;
				CLANG_WARN_DOCUMENTATION_COMMENTS = YES;
				CLANG_WARN_EMPTY_BODY = YES;
				CLANG_WARN_ENUM_CONVERSION = YES;
				CLANG_WARN_INFINITE_RECURSION = YES;
				CLANG_WARN_INT_CONVERSION = YES;
				CLANG_WARN_NON_LITERAL_NULL_CONVERSION = YES;
				CLANG_WARN_OBJC_IMPLICIT_RETAIN_SELF = YES;
				CLANG_WARN_OBJC_LITERAL_CONVERSION = YES;
				CLANG_WARN_OBJC_ROOT_CLASS = YES_ERROR;
				CLANG_WARN_QUOTED_INCLUDE_IN_FRAMEWORK_HEADER = YES;
				CLANG_WARN_RANGE_LOOP_ANALYSIS = YES;
				CLANG_WARN_STRICT_PROTOTYPES = YES;
				CLANG_WARN_SUSPICIOUS_MOVE = YES;
				CLANG_WARN_UNGUARDED_AVAILABILITY = YES_AGGRESSIVE;
				CLANG_WARN_UNREACHABLE_CODE = YES;
				CLANG_WARN__DUPLICATE_METHOD_MATCH = YES;
				COPY_PHASE_STRIP = NO;
				DEBUG_INFORMATION_FORMAT = "dwarf-with-dsym";
				ENABLE_NS_ASSERTIONS = NO;
				ENABLE_STRICT_OBJC_MSGSEND = YES;
				GCC_C_LANGUAGE_STANDARD = gnu11;
				GCC_NO_COMMON_BLOCKS = YES;
				GCC_WARN_64_TO_32_BIT_CONVERSION = YES;
				GCC_WARN_ABOUT_RETURN_TYPE = YES_ERROR;
				GCC_WARN_UNDECLARED_SELECTOR = YES;
				GCC_WARN_UNINITIALIZED_AUTOS = YES_AGGRESSIVE;
				GCC_WARN_UNUSED_FUNCTION = YES;
				GCC_WARN_UNUSED_VARIABLE = YES;
				IPHONEOS_DEPLOYMENT_TARGET = 14.1;
				MTL_ENABLE_DEBUG_INFO = NO;
				MTL_FAST_MATH = YES;
				SDKROOT = iphoneos;
				SWIFT_COMPILATION_MODE = wholemodule;
				SWIFT_OPTIMIZATION_LEVEL = "-O";
				VALIDATE_PRODUCT = YES;
			};
			name = Release;
		};
		7A2E7DEA2559BC200095EC1A /* Debug */ = {
			isa = XCBuildConfiguration;
			buildSettings = {
				ASSETCATALOG_COMPILER_APPICON_NAME = AppIcon;
				ASSETCATALOG_COMPILER_GLOBAL_ACCENT_COLOR_NAME = AccentColor;
				CODE_SIGN_STYLE = Automatic;
				DEVELOPMENT_TEAM = PPT8LS6UXM;
				INFOPLIST_FILE = DevDexApp/Resources/Info.plist;
				LD_RUNPATH_SEARCH_PATHS = (
					"$(inherited)",
					"@executable_path/Frameworks",
				);
				PRODUCT_BUNDLE_IDENTIFIER = jordan.DevDexApp;
				PRODUCT_NAME = "$(TARGET_NAME)";
				SWIFT_VERSION = 5.0;
				TARGETED_DEVICE_FAMILY = "1,2";
			};
			name = Debug;
		};
		7A2E7DEB2559BC200095EC1A /* Release */ = {
			isa = XCBuildConfiguration;
			buildSettings = {
				ASSETCATALOG_COMPILER_APPICON_NAME = AppIcon;
				ASSETCATALOG_COMPILER_GLOBAL_ACCENT_COLOR_NAME = AccentColor;
				CODE_SIGN_STYLE = Automatic;
				DEVELOPMENT_TEAM = PPT8LS6UXM;
				INFOPLIST_FILE = DevDexApp/Resources/Info.plist;
				LD_RUNPATH_SEARCH_PATHS = (
					"$(inherited)",
					"@executable_path/Frameworks",
				);
				PRODUCT_BUNDLE_IDENTIFIER = jordan.DevDexApp;
				PRODUCT_NAME = "$(TARGET_NAME)";
				SWIFT_VERSION = 5.0;
				TARGETED_DEVICE_FAMILY = "1,2";
			};
			name = Release;
		};
/* End XCBuildConfiguration section */

/* Begin XCConfigurationList section */
		7A2E7DD02559BC1F0095EC1A /* Build configuration list for PBXProject "DevDexApp" */ = {
			isa = XCConfigurationList;
			buildConfigurations = (
				7A2E7DE72559BC200095EC1A /* Debug */,
				7A2E7DE82559BC200095EC1A /* Release */,
			);
			defaultConfigurationIsVisible = 0;
			defaultConfigurationName = Release;
		};
		7A2E7DE92559BC200095EC1A /* Build configuration list for PBXNativeTarget "DevDexApp" */ = {
			isa = XCConfigurationList;
			buildConfigurations = (
				7A2E7DEA2559BC200095EC1A /* Debug */,
				7A2E7DEB2559BC200095EC1A /* Release */,
			);
			defaultConfigurationIsVisible = 0;
			defaultConfigurationName = Release;
		};
/* End XCConfigurationList section */
	};
	rootObject = 7A2E7DCD2559BC1F0095EC1A /* Project object */;
}
